<?xml version="1.0" encoding="utf-8"?>
<Project ToolsVersion="4.0" xmlns="http://schemas.microsoft.com/developer/msbuild/2003">
  <ItemGroup>
    <Filter Include="src">
      <UniqueIdentifier>{0fb23a5a-ddf1-4c03-9e11-6cb7e14732bc}</UniqueIdentifier>
    </Filter>
    <Filter Include="src\gfx">
      <UniqueIdentifier>{15e6f4e1-2aa7-42e0-80d9-20cd5d513019}</UniqueIdentifier>
    </Filter>
    <Filter Include="src\games">
      <UniqueIdentifier>{a2d3ba54-7191-408a-a5fe-7b5793dbcd03}</UniqueIdentifier>
    </Filter>
    <Filter Include="src\gfx\views">
      <UniqueIdentifier>{66684eae-9d66-40c3-812a-27657e6c97be}</UniqueIdentifier>
    </Filter>
    <Filter Include="src\games\board">
      <UniqueIdentifier>{31925ff5-1eef-4c5f-8606-4b23d0af746b}</UniqueIdentifier>
    </Filter>
  </ItemGroup>
  <ItemGroup>
    <ClInclude Include="..\..\..\src\Common.h">
      <Filter>src</Filter>
    </ClInclude>
    <ClInclude Include="..\..\..\src\gfx\SdlHelper.h">
      <Filter>src\gfx</Filter>
    </ClInclude>
    <ClInclude Include="..\..\..\src\gfx\ViewManager.h">
      <Filter>src\gfx</Filter>
    </ClInclude>
    <ClInclude Include="..\..\..\src\gfx\MainView.h">
      <Filter>src\gfx</Filter>
    </ClInclude>
    <ClInclude Include="..\..\..\src\games\Crossword.h">
      <Filter>src\games</Filter>
    </ClInclude>
    <ClInclude Include="..\..\..\src\gfx\views\BoardGameRenderer.h">
      <Filter>src\gfx\views</Filter>
    </ClInclude>
    <ClInclude Include="..\..\..\src\games\board\Board.h">
      <Filter>src\games\board</Filter>
    </ClInclude>
    <ClInclude Include="..\..\..\src\games\board\Checkers.h">
      <Filter>src\games\board</Filter>
    </ClInclude>
    <ClInclude Include="..\..\..\src\games\board\Chess.h">
      <Filter>src\games\board</Filter>
    </ClInclude>
  </ItemGroup>
  <ItemGroup>
    <ClCompile Include="..\..\..\src\main.cpp">
      <Filter>src</Filter>
    </ClCompile>
    <ClCompile Include="..\..\..\src\gfx\ViewManager.cpp">
      <Filter>src\gfx</Filter>
    </ClCompile>
    <ClCompile Include="..\..\..\src\gfx\MainView.cpp">
      <Filter>src\gfx</Filter>
    </ClCompile>
    <ClCompile Include="..\..\..\src\gfx\KeyboardView.cpp">
      <Filter>src\gfx</Filter>
    </ClCompile>
    <ClCompile Include="..\..\..\src\gfx\views\CrosswordView.cpp">
      <Filter>src\gfx\views</Filter>
    </ClCompile>
    <ClCompile Include="..\..\..\src\gfx\views\ChessView.cpp">
      <Filter>src\gfx\views</Filter>
    </ClCompile>
  </ItemGroup>
</Project>